
Microsoft Visual Studio Solution File, Format Version 12.00
# Visual Studio 14
VisualStudioVersion = 14.0.25420.1
MinimumVisualStudioVersion = 10.0.40219.1
Project("{FAE04EC0-301F-11D3-BF4B-00C04F79EFBC}") = "Unity", "Unity\Unity.csproj", "{9E4BC8CC-DCA2-4F35-A0FB-FE41E68C4318}"
EndProject
Project("{FAE04EC0-301F-11D3-BF4B-00C04F79EFBC}") = "PatternVisitor", "PatternVisitor\PatternVisitor.csproj", "{88BCC0E0-AAF1-4283-BDAA-F402F6B8D0DD}"
EndProject
Project("{FAE04EC0-301F-11D3-BF4B-00C04F79EFBC}") = "PatternSingleton", "PatternSingleton\PatternSingleton.csproj", "{6AFD233E-E195-431D-A0F2-C012F95BA170}"
EndProject
Project("{FAE04EC0-301F-11D3-BF4B-00C04F79EFBC}") = "AsyncDB", "AsyncDB\AsyncDB.csproj", "{217C885F-00E4-45C1-AB90-6F937D26282B}"
EndProject
Project("{2150E333-8FDC-42A3-9474-1A3956D46DE8}") = "grpc", "grpc", "{2EB743B0-7E81-4A26-838E-0E5984887EF2}"
	ProjectSection(SolutionItems) = preProject
		grpc.md = grpc.md
	EndProjectSection
EndProject
Project("{2150E333-8FDC-42A3-9474-1A3956D46DE8}") = "Patterns", "Patterns", "{213CFDE3-C9FD-47C6-866D-B0E29D37C014}"
EndProject
Project("{2150E333-8FDC-42A3-9474-1A3956D46DE8}") = "Async", "Async", "{E277043B-D846-4C9E-AFD6-F1D010EB24A0}"
EndProject
Project("{2150E333-8FDC-42A3-9474-1A3956D46DE8}") = "NoSQL", "NoSQL", "{77B50555-CC77-4EA5-9394-1C1D4165C37C}"
EndProject
Project("{FAE04EC0-301F-11D3-BF4B-00C04F79EFBC}") = "Mongo", "Mongo\Mongo.csproj", "{FD69BCAB-1693-4374-96E8-DF3556EB954A}"
EndProject
Project("{FAE04EC0-301F-11D3-BF4B-00C04F79EFBC}") = "ConcurrentCollections", "ConcurrentCollections\ConcurrentCollections.csproj", "{A17C92C5-094B-4BC6-A2F7-53AACA9D8714}"
EndProject
Project("{FAE04EC0-301F-11D3-BF4B-00C04F79EFBC}") = "Deadlocks", "Deadlocks\Deadlocks.csproj", "{3285D74F-DAA4-450B-8B1F-B560510C3776}"
EndProject
Project("{FAE04EC0-301F-11D3-BF4B-00C04F79EFBC}") = "General", "General\General.csproj", "{ED6B6CD0-9CA3-422E-98C5-DC63D75E4A0C}"
EndProject
Project("{FAE04EC0-301F-11D3-BF4B-00C04F79EFBC}") = "AsyncREST", "AsyncREST\AsyncREST.csproj", "{54067E4B-5B80-447C-90CB-6E899EF3D005}"
EndProject
Project("{2150E333-8FDC-42A3-9474-1A3956D46DE8}") = "ASP.NET Core", "ASP.NET Core", "{36F0F067-4CFF-4883-87E9-0242C4279E7F}"
	ProjectSection(SolutionItems) = preProject
		aspnetcore.md = aspnetcore.md
	EndProjectSection
EndProject
Global
	GlobalSection(SolutionConfigurationPlatforms) = preSolution
		Debug|Any CPU = Debug|Any CPU
		Release|Any CPU = Release|Any CPU
	EndGlobalSection
	GlobalSection(ProjectConfigurationPlatforms) = postSolution
		{9E4BC8CC-DCA2-4F35-A0FB-FE41E68C4318}.Debug|Any CPU.ActiveCfg = Debug|Any CPU
		{9E4BC8CC-DCA2-4F35-A0FB-FE41E68C4318}.Debug|Any CPU.Build.0 = Debug|Any CPU
		{9E4BC8CC-DCA2-4F35-A0FB-FE41E68C4318}.Release|Any CPU.ActiveCfg = Release|Any CPU
		{9E4BC8CC-DCA2-4F35-A0FB-FE41E68C4318}.Release|Any CPU.Build.0 = Release|Any CPU
		{88BCC0E0-AAF1-4283-BDAA-F402F6B8D0DD}.Debug|Any CPU.ActiveCfg = Debug|Any CPU
		{88BCC0E0-AAF1-4283-BDAA-F402F6B8D0DD}.Debug|Any CPU.Build.0 = Debug|Any CPU
		{88BCC0E0-AAF1-4283-BDAA-F402F6B8D0DD}.Release|Any CPU.ActiveCfg = Release|Any CPU
		{88BCC0E0-AAF1-4283-BDAA-F402F6B8D0DD}.Release|Any CPU.Build.0 = Release|Any CPU
		{6AFD233E-E195-431D-A0F2-C012F95BA170}.Debug|Any CPU.ActiveCfg = Debug|Any CPU
		{6AFD233E-E195-431D-A0F2-C012F95BA170}.Debug|Any CPU.Build.0 = Debug|Any CPU
		{6AFD233E-E195-431D-A0F2-C012F95BA170}.Release|Any CPU.ActiveCfg = Release|Any CPU
		{6AFD233E-E195-431D-A0F2-C012F95BA170}.Release|Any CPU.Build.0 = Release|Any CPU
		{217C885F-00E4-45C1-AB90-6F937D26282B}.Debug|Any CPU.ActiveCfg = Debug|Any CPU
		{217C885F-00E4-45C1-AB90-6F937D26282B}.Debug|Any CPU.Build.0 = Debug|Any CPU
		{217C885F-00E4-45C1-AB90-6F937D26282B}.Release|Any CPU.ActiveCfg = Release|Any CPU
		{217C885F-00E4-45C1-AB90-6F937D26282B}.Release|Any CPU.Build.0 = Release|Any CPU
		{FD69BCAB-1693-4374-96E8-DF3556EB954A}.Debug|Any CPU.ActiveCfg = Debug|Any CPU
		{FD69BCAB-1693-4374-96E8-DF3556EB954A}.Debug|Any CPU.Build.0 = Debug|Any CPU
		{FD69BCAB-1693-4374-96E8-DF3556EB954A}.Release|Any CPU.ActiveCfg = Release|Any CPU
		{FD69BCAB-1693-4374-96E8-DF3556EB954A}.Release|Any CPU.Build.0 = Release|Any CPU
		{A17C92C5-094B-4BC6-A2F7-53AACA9D8714}.Debug|Any CPU.ActiveCfg = Debug|Any CPU
		{A17C92C5-094B-4BC6-A2F7-53AACA9D8714}.Debug|Any CPU.Build.0 = Debug|Any CPU
		{A17C92C5-094B-4BC6-A2F7-53AACA9D8714}.Release|Any CPU.ActiveCfg = Release|Any CPU
		{A17C92C5-094B-4BC6-A2F7-53AACA9D8714}.Release|Any CPU.Build.0 = Release|Any CPU
		{3285D74F-DAA4-450B-8B1F-B560510C3776}.Debug|Any CPU.ActiveCfg = Debug|Any CPU
		{3285D74F-DAA4-450B-8B1F-B560510C3776}.Debug|Any CPU.Build.0 = Debug|Any CPU
		{3285D74F-DAA4-450B-8B1F-B560510C3776}.Release|Any CPU.ActiveCfg = Release|Any CPU
		{3285D74F-DAA4-450B-8B1F-B560510C3776}.Release|Any CPU.Build.0 = Release|Any CPU
		{ED6B6CD0-9CA3-422E-98C5-DC63D75E4A0C}.Debug|Any CPU.ActiveCfg = Debug|Any CPU
		{ED6B6CD0-9CA3-422E-98C5-DC63D75E4A0C}.Debug|Any CPU.Build.0 = Debug|Any CPU
		{ED6B6CD0-9CA3-422E-98C5-DC63D75E4A0C}.Release|Any CPU.ActiveCfg = Release|Any CPU
		{ED6B6CD0-9CA3-422E-98C5-DC63D75E4A0C}.Release|Any CPU.Build.0 = Release|Any CPU
		{54067E4B-5B80-447C-90CB-6E899EF3D005}.Debug|Any CPU.ActiveCfg = Debug|Any CPU
		{54067E4B-5B80-447C-90CB-6E899EF3D005}.Debug|Any CPU.Build.0 = Debug|Any CPU
		{54067E4B-5B80-447C-90CB-6E899EF3D005}.Release|Any CPU.ActiveCfg = Release|Any CPU
		{54067E4B-5B80-447C-90CB-6E899EF3D005}.Release|Any CPU.Build.0 = Release|Any CPU
	EndGlobalSection
	GlobalSection(SolutionProperties) = preSolution
		HideSolutionNode = FALSE
	EndGlobalSection
	GlobalSection(NestedProjects) = preSolution
		{9E4BC8CC-DCA2-4F35-A0FB-FE41E68C4318} = {213CFDE3-C9FD-47C6-866D-B0E29D37C014}
		{88BCC0E0-AAF1-4283-BDAA-F402F6B8D0DD} = {213CFDE3-C9FD-47C6-866D-B0E29D37C014}
		{6AFD233E-E195-431D-A0F2-C012F95BA170} = {213CFDE3-C9FD-47C6-866D-B0E29D37C014}
		{217C885F-00E4-45C1-AB90-6F937D26282B} = {E277043B-D846-4C9E-AFD6-F1D010EB24A0}
		{FD69BCAB-1693-4374-96E8-DF3556EB954A} = {77B50555-CC77-4EA5-9394-1C1D4165C37C}
		{A17C92C5-094B-4BC6-A2F7-53AACA9D8714} = {E277043B-D846-4C9E-AFD6-F1D010EB24A0}
		{3285D74F-DAA4-450B-8B1F-B560510C3776} = {E277043B-D846-4C9E-AFD6-F1D010EB24A0}
		{ED6B6CD0-9CA3-422E-98C5-DC63D75E4A0C} = {E277043B-D846-4C9E-AFD6-F1D010EB24A0}
		{54067E4B-5B80-447C-90CB-6E899EF3D005} = {E277043B-D846-4C9E-AFD6-F1D010EB24A0}
	EndGlobalSection
EndGlobal
