
Microsoft Visual Studio Solution File, Format Version 12.00
# Visual Studio 15
VisualStudioVersion = 15.0.27004.2005
MinimumVisualStudioVersion = 10.0.40219.1
Project("{FAE04EC0-301F-11D3-BF4B-00C04F79EFBC}") = "Unity", "Unity\Unity.csproj", "{9E4BC8CC-DCA2-4F35-A0FB-FE41E68C4318}"
EndProject
Project("{FAE04EC0-301F-11D3-BF4B-00C04F79EFBC}") = "PatternVisitor", "PatternVisitor\PatternVisitor.csproj", "{88BCC0E0-AAF1-4283-BDAA-F402F6B8D0DD}"
EndProject
Project("{FAE04EC0-301F-11D3-BF4B-00C04F79EFBC}") = "PatternSingleton", "PatternSingleton\PatternSingleton.csproj", "{6AFD233E-E195-431D-A0F2-C012F95BA170}"
EndProject
Project("{FAE04EC0-301F-11D3-BF4B-00C04F79EFBC}") = "AsyncDB", "AsyncDB\AsyncDB.csproj", "{217C885F-00E4-45C1-AB90-6F937D26282B}"
EndProject
Project("{2150E333-8FDC-42A3-9474-1A3956D46DE8}") = "gRPC", "gRPC", "{2EB743B0-7E81-4A26-838E-0E5984887EF2}"
	ProjectSection(SolutionItems) = preProject
		gRPC.md = gRPC.md
	EndProjectSection
EndProject
Project("{2150E333-8FDC-42A3-9474-1A3956D46DE8}") = "Patterns", "Patterns", "{213CFDE3-C9FD-47C6-866D-B0E29D37C014}"
EndProject
Project("{2150E333-8FDC-42A3-9474-1A3956D46DE8}") = "Async", "Async", "{E277043B-D846-4C9E-AFD6-F1D010EB24A0}"
EndProject
Project("{2150E333-8FDC-42A3-9474-1A3956D46DE8}") = "NoSQL", "NoSQL", "{77B50555-CC77-4EA5-9394-1C1D4165C37C}"
EndProject
Project("{FAE04EC0-301F-11D3-BF4B-00C04F79EFBC}") = "Mongo", "Mongo\Mongo.csproj", "{FD69BCAB-1693-4374-96E8-DF3556EB954A}"
EndProject
Project("{FAE04EC0-301F-11D3-BF4B-00C04F79EFBC}") = "ConcurrentCollections", "ConcurrentCollections\ConcurrentCollections.csproj", "{A17C92C5-094B-4BC6-A2F7-53AACA9D8714}"
EndProject
Project("{FAE04EC0-301F-11D3-BF4B-00C04F79EFBC}") = "Deadlocks", "Deadlocks\Deadlocks.csproj", "{3285D74F-DAA4-450B-8B1F-B560510C3776}"
EndProject
Project("{FAE04EC0-301F-11D3-BF4B-00C04F79EFBC}") = "General", "General\General.csproj", "{ED6B6CD0-9CA3-422E-98C5-DC63D75E4A0C}"
EndProject
Project("{FAE04EC0-301F-11D3-BF4B-00C04F79EFBC}") = "AsyncREST", "AsyncREST\AsyncREST.csproj", "{54067E4B-5B80-447C-90CB-6E899EF3D005}"
EndProject
Project("{2150E333-8FDC-42A3-9474-1A3956D46DE8}") = "Web", "Web", "{0AD2F704-E441-406E-AE32-9C445BB119E5}"
	ProjectSection(SolutionItems) = preProject
		aspnetcore.md = aspnetcore.md
	EndProjectSection
EndProject
Project("{FAE04EC0-301F-11D3-BF4B-00C04F79EFBC}") = "SignalRRealTime", "SignalRRealTime\SignalRRealTime.csproj", "{3138D3DA-BE50-443A-8EA4-1357ED318FC2}"
EndProject
Project("{2150E333-8FDC-42A3-9474-1A3956D46DE8}") = "Redis", "Redis", "{CE1F8EF8-4E33-4C9C-926B-BBF7E525AFBD}"
	ProjectSection(SolutionItems) = preProject
		Redis.md = Redis.md
	EndProjectSection
EndProject
Project("{2150E333-8FDC-42A3-9474-1A3956D46DE8}") = "Algorithms", "Algorithms", "{F6AA9F80-FE01-4F7F-A2AC-81579108DC41}"
	ProjectSection(SolutionItems) = preProject
		Algorithms.md = Algorithms.md
	EndProjectSection
EndProject
Project("{2150E333-8FDC-42A3-9474-1A3956D46DE8}") = "SignalR", "SignalR", "{D99376D7-F532-4158-A1B5-67CA0B80AD5E}"
	ProjectSection(SolutionItems) = preProject
		SignalRRealTime\SignalR.md = SignalRRealTime\SignalR.md
	EndProjectSection
EndProject
Project("{2150E333-8FDC-42A3-9474-1A3956D46DE8}") = "JWT", "JWT", "{4188D36F-CA36-47A8-84EF-1A092D0B2F5F}"
	ProjectSection(SolutionItems) = preProject
		JWT.md = JWT.md
	EndProjectSection
EndProject
Project("{9A19103F-16F7-4668-BE54-9A1E7A4F7556}") = "GoogleOAuth", "GoogleAuth\GoogleOAuth.csproj", "{8EA0774B-BF51-42A2-B12B-81E55F5886F3}"
EndProject
Project("{2150E333-8FDC-42A3-9474-1A3956D46DE8}") = "Security", "Security", "{CADA7EB2-F28E-43A8-A18F-010034A81287}"
	ProjectSection(SolutionItems) = preProject
		Security.md = Security.md
	EndProjectSection
EndProject
Project("{9A19103F-16F7-4668-BE54-9A1E7A4F7556}") = "CookieAuthentication", "CookieAuthentication\CookieAuthentication.csproj", "{43680367-F9B7-4D61-B7AE-38D47BB191A9}"
EndProject
Project("{9A19103F-16F7-4668-BE54-9A1E7A4F7556}") = "UnitTests", "UnitTests\UnitTests.csproj", "{C9C1AC8D-727B-4DF2-91C8-E0C2FAF0A00B}"
EndProject
Project("{2150E333-8FDC-42A3-9474-1A3956D46DE8}") = "Docker", "Docker", "{9F562521-8897-4D26-89DD-9ED1FF1813E0}"
	ProjectSection(SolutionItems) = preProject
		Docker.md = Docker.md
		test_nginx.conf = test_nginx.conf
	EndProjectSection
EndProject
Project("{9A19103F-16F7-4668-BE54-9A1E7A4F7556}") = "DockerWebApp", "DockerWebApp\DockerWebApp.csproj", "{C0E52FD4-A00D-4671-83FF-6FD89B82DD24}"
EndProject
Project("{E53339B2-1760-4266-BCC7-CA923CBCF16C}") = "docker-compose", "docker-compose.dcproj", "{0519C125-35CB-463C-A5D6-89021AB5EE29}"
EndProject
Global
	GlobalSection(SolutionConfigurationPlatforms) = preSolution
		Debug|Any CPU = Debug|Any CPU
		Release|Any CPU = Release|Any CPU
	EndGlobalSection
	GlobalSection(ProjectConfigurationPlatforms) = postSolution
		{9E4BC8CC-DCA2-4F35-A0FB-FE41E68C4318}.Debug|Any CPU.ActiveCfg = Debug|Any CPU
		{9E4BC8CC-DCA2-4F35-A0FB-FE41E68C4318}.Debug|Any CPU.Build.0 = Debug|Any CPU
		{9E4BC8CC-DCA2-4F35-A0FB-FE41E68C4318}.Release|Any CPU.ActiveCfg = Release|Any CPU
		{9E4BC8CC-DCA2-4F35-A0FB-FE41E68C4318}.Release|Any CPU.Build.0 = Release|Any CPU
		{88BCC0E0-AAF1-4283-BDAA-F402F6B8D0DD}.Debug|Any CPU.ActiveCfg = Debug|Any CPU
		{88BCC0E0-AAF1-4283-BDAA-F402F6B8D0DD}.Debug|Any CPU.Build.0 = Debug|Any CPU
		{88BCC0E0-AAF1-4283-BDAA-F402F6B8D0DD}.Release|Any CPU.ActiveCfg = Release|Any CPU
		{88BCC0E0-AAF1-4283-BDAA-F402F6B8D0DD}.Release|Any CPU.Build.0 = Release|Any CPU
		{6AFD233E-E195-431D-A0F2-C012F95BA170}.Debug|Any CPU.ActiveCfg = Debug|Any CPU
		{6AFD233E-E195-431D-A0F2-C012F95BA170}.Debug|Any CPU.Build.0 = Debug|Any CPU
		{6AFD233E-E195-431D-A0F2-C012F95BA170}.Release|Any CPU.ActiveCfg = Release|Any CPU
		{6AFD233E-E195-431D-A0F2-C012F95BA170}.Release|Any CPU.Build.0 = Release|Any CPU
		{217C885F-00E4-45C1-AB90-6F937D26282B}.Debug|Any CPU.ActiveCfg = Debug|Any CPU
		{217C885F-00E4-45C1-AB90-6F937D26282B}.Debug|Any CPU.Build.0 = Debug|Any CPU
		{217C885F-00E4-45C1-AB90-6F937D26282B}.Release|Any CPU.ActiveCfg = Release|Any CPU
		{217C885F-00E4-45C1-AB90-6F937D26282B}.Release|Any CPU.Build.0 = Release|Any CPU
		{FD69BCAB-1693-4374-96E8-DF3556EB954A}.Debug|Any CPU.ActiveCfg = Debug|Any CPU
		{FD69BCAB-1693-4374-96E8-DF3556EB954A}.Debug|Any CPU.Build.0 = Debug|Any CPU
		{FD69BCAB-1693-4374-96E8-DF3556EB954A}.Release|Any CPU.ActiveCfg = Release|Any CPU
		{FD69BCAB-1693-4374-96E8-DF3556EB954A}.Release|Any CPU.Build.0 = Release|Any CPU
		{A17C92C5-094B-4BC6-A2F7-53AACA9D8714}.Debug|Any CPU.ActiveCfg = Debug|Any CPU
		{A17C92C5-094B-4BC6-A2F7-53AACA9D8714}.Debug|Any CPU.Build.0 = Debug|Any CPU
		{A17C92C5-094B-4BC6-A2F7-53AACA9D8714}.Release|Any CPU.ActiveCfg = Release|Any CPU
		{A17C92C5-094B-4BC6-A2F7-53AACA9D8714}.Release|Any CPU.Build.0 = Release|Any CPU
		{3285D74F-DAA4-450B-8B1F-B560510C3776}.Debug|Any CPU.ActiveCfg = Debug|Any CPU
		{3285D74F-DAA4-450B-8B1F-B560510C3776}.Debug|Any CPU.Build.0 = Debug|Any CPU
		{3285D74F-DAA4-450B-8B1F-B560510C3776}.Release|Any CPU.ActiveCfg = Release|Any CPU
		{3285D74F-DAA4-450B-8B1F-B560510C3776}.Release|Any CPU.Build.0 = Release|Any CPU
		{ED6B6CD0-9CA3-422E-98C5-DC63D75E4A0C}.Debug|Any CPU.ActiveCfg = Debug|Any CPU
		{ED6B6CD0-9CA3-422E-98C5-DC63D75E4A0C}.Debug|Any CPU.Build.0 = Debug|Any CPU
		{ED6B6CD0-9CA3-422E-98C5-DC63D75E4A0C}.Release|Any CPU.ActiveCfg = Release|Any CPU
		{ED6B6CD0-9CA3-422E-98C5-DC63D75E4A0C}.Release|Any CPU.Build.0 = Release|Any CPU
		{54067E4B-5B80-447C-90CB-6E899EF3D005}.Debug|Any CPU.ActiveCfg = Debug|Any CPU
		{54067E4B-5B80-447C-90CB-6E899EF3D005}.Debug|Any CPU.Build.0 = Debug|Any CPU
		{54067E4B-5B80-447C-90CB-6E899EF3D005}.Release|Any CPU.ActiveCfg = Release|Any CPU
		{54067E4B-5B80-447C-90CB-6E899EF3D005}.Release|Any CPU.Build.0 = Release|Any CPU
		{3138D3DA-BE50-443A-8EA4-1357ED318FC2}.Debug|Any CPU.ActiveCfg = Debug|Any CPU
		{3138D3DA-BE50-443A-8EA4-1357ED318FC2}.Debug|Any CPU.Build.0 = Debug|Any CPU
		{3138D3DA-BE50-443A-8EA4-1357ED318FC2}.Release|Any CPU.ActiveCfg = Release|Any CPU
		{3138D3DA-BE50-443A-8EA4-1357ED318FC2}.Release|Any CPU.Build.0 = Release|Any CPU
		{8EA0774B-BF51-42A2-B12B-81E55F5886F3}.Debug|Any CPU.ActiveCfg = Debug|Any CPU
		{8EA0774B-BF51-42A2-B12B-81E55F5886F3}.Debug|Any CPU.Build.0 = Debug|Any CPU
		{8EA0774B-BF51-42A2-B12B-81E55F5886F3}.Release|Any CPU.ActiveCfg = Release|Any CPU
		{8EA0774B-BF51-42A2-B12B-81E55F5886F3}.Release|Any CPU.Build.0 = Release|Any CPU
		{43680367-F9B7-4D61-B7AE-38D47BB191A9}.Debug|Any CPU.ActiveCfg = Debug|Any CPU
		{43680367-F9B7-4D61-B7AE-38D47BB191A9}.Debug|Any CPU.Build.0 = Debug|Any CPU
		{43680367-F9B7-4D61-B7AE-38D47BB191A9}.Release|Any CPU.ActiveCfg = Release|Any CPU
		{43680367-F9B7-4D61-B7AE-38D47BB191A9}.Release|Any CPU.Build.0 = Release|Any CPU
		{C9C1AC8D-727B-4DF2-91C8-E0C2FAF0A00B}.Debug|Any CPU.ActiveCfg = Debug|Any CPU
		{C9C1AC8D-727B-4DF2-91C8-E0C2FAF0A00B}.Debug|Any CPU.Build.0 = Debug|Any CPU
		{C9C1AC8D-727B-4DF2-91C8-E0C2FAF0A00B}.Release|Any CPU.ActiveCfg = Release|Any CPU
		{C9C1AC8D-727B-4DF2-91C8-E0C2FAF0A00B}.Release|Any CPU.Build.0 = Release|Any CPU
		{C0E52FD4-A00D-4671-83FF-6FD89B82DD24}.Debug|Any CPU.ActiveCfg = Debug|Any CPU
		{C0E52FD4-A00D-4671-83FF-6FD89B82DD24}.Debug|Any CPU.Build.0 = Debug|Any CPU
		{C0E52FD4-A00D-4671-83FF-6FD89B82DD24}.Release|Any CPU.ActiveCfg = Release|Any CPU
		{C0E52FD4-A00D-4671-83FF-6FD89B82DD24}.Release|Any CPU.Build.0 = Release|Any CPU
		{0519C125-35CB-463C-A5D6-89021AB5EE29}.Debug|Any CPU.ActiveCfg = Debug|Any CPU
		{0519C125-35CB-463C-A5D6-89021AB5EE29}.Debug|Any CPU.Build.0 = Debug|Any CPU
		{0519C125-35CB-463C-A5D6-89021AB5EE29}.Release|Any CPU.ActiveCfg = Release|Any CPU
		{0519C125-35CB-463C-A5D6-89021AB5EE29}.Release|Any CPU.Build.0 = Release|Any CPU
	EndGlobalSection
	GlobalSection(SolutionProperties) = preSolution
		HideSolutionNode = FALSE
	EndGlobalSection
	GlobalSection(NestedProjects) = preSolution
		{9E4BC8CC-DCA2-4F35-A0FB-FE41E68C4318} = {213CFDE3-C9FD-47C6-866D-B0E29D37C014}
		{88BCC0E0-AAF1-4283-BDAA-F402F6B8D0DD} = {213CFDE3-C9FD-47C6-866D-B0E29D37C014}
		{6AFD233E-E195-431D-A0F2-C012F95BA170} = {213CFDE3-C9FD-47C6-866D-B0E29D37C014}
		{217C885F-00E4-45C1-AB90-6F937D26282B} = {E277043B-D846-4C9E-AFD6-F1D010EB24A0}
		{FD69BCAB-1693-4374-96E8-DF3556EB954A} = {77B50555-CC77-4EA5-9394-1C1D4165C37C}
		{A17C92C5-094B-4BC6-A2F7-53AACA9D8714} = {E277043B-D846-4C9E-AFD6-F1D010EB24A0}
		{3285D74F-DAA4-450B-8B1F-B560510C3776} = {E277043B-D846-4C9E-AFD6-F1D010EB24A0}
		{ED6B6CD0-9CA3-422E-98C5-DC63D75E4A0C} = {E277043B-D846-4C9E-AFD6-F1D010EB24A0}
		{54067E4B-5B80-447C-90CB-6E899EF3D005} = {E277043B-D846-4C9E-AFD6-F1D010EB24A0}
		{3138D3DA-BE50-443A-8EA4-1357ED318FC2} = {D99376D7-F532-4158-A1B5-67CA0B80AD5E}
		{D99376D7-F532-4158-A1B5-67CA0B80AD5E} = {0AD2F704-E441-406E-AE32-9C445BB119E5}
		{4188D36F-CA36-47A8-84EF-1A092D0B2F5F} = {0AD2F704-E441-406E-AE32-9C445BB119E5}
		{8EA0774B-BF51-42A2-B12B-81E55F5886F3} = {CADA7EB2-F28E-43A8-A18F-010034A81287}
		{CADA7EB2-F28E-43A8-A18F-010034A81287} = {0AD2F704-E441-406E-AE32-9C445BB119E5}
		{43680367-F9B7-4D61-B7AE-38D47BB191A9} = {CADA7EB2-F28E-43A8-A18F-010034A81287}
		{9F562521-8897-4D26-89DD-9ED1FF1813E0} = {0AD2F704-E441-406E-AE32-9C445BB119E5}
		{C0E52FD4-A00D-4671-83FF-6FD89B82DD24} = {9F562521-8897-4D26-89DD-9ED1FF1813E0}
		{0519C125-35CB-463C-A5D6-89021AB5EE29} = {9F562521-8897-4D26-89DD-9ED1FF1813E0}
	EndGlobalSection
	GlobalSection(ExtensibilityGlobals) = postSolution
		SolutionGuid = {EF651502-6BAF-4782-95B0-A12D846B2549}
	EndGlobalSection
EndGlobal
